
Microsoft Visual Studio Solution File, Format Version 12.00
# Visual Studio Version 17
VisualStudioVersion = 17.8.34330.188
MinimumVisualStudioVersion = 10.0.40219.1
Project("{9A19103F-16F7-4668-BE54-9A1E7A4F7556}") = "DiscordBot", "DiscordBot.csproj", "{AF2EC468-E62B-494C-8BB4-BC0A3F3A263A}"
EndProject
Project("{FAE04EC0-301F-11D3-BF4B-00C04F79EFBC}") = "DiscordBot-Tester", "..\DiscordBot-Tester\DiscordBot-Tester.csproj", "{90A00B88-1042-4315-A762-0D44FDC06CC5}"
EndProject
Global
	GlobalSection(SolutionConfigurationPlatforms) = preSolution
		Debug|Any CPU = Debug|Any CPU
		Release|Any CPU = Release|Any CPU
	EndGlobalSection
	GlobalSection(ProjectConfigurationPlatforms) = postSolution
		{AF2EC468-E62B-494C-8BB4-BC0A3F3A263A}.Debug|Any CPU.ActiveCfg = Debug|Any CPU
		{AF2EC468-E62B-494C-8BB4-BC0A3F3A263A}.Debug|Any CPU.Build.0 = Debug|Any CPU
		{AF2EC468-E62B-494C-8BB4-BC0A3F3A263A}.Release|Any CPU.ActiveCfg = Release|Any CPU
		{AF2EC468-E62B-494C-8BB4-BC0A3F3A263A}.Release|Any CPU.Build.0 = Release|Any CPU
		{90A00B88-1042-4315-A762-0D44FDC06CC5}.Debug|Any CPU.ActiveCfg = Debug|Any CPU
		{90A00B88-1042-4315-A762-0D44FDC06CC5}.Debug|Any CPU.Build.0 = Debug|Any CPU
		{90A00B88-1042-4315-A762-0D44FDC06CC5}.Release|Any CPU.ActiveCfg = Release|Any CPU
		{90A00B88-1042-4315-A762-0D44FDC06CC5}.Release|Any CPU.Build.0 = Release|Any CPU
	EndGlobalSection
	GlobalSection(SolutionProperties) = preSolution
		HideSolutionNode = FALSE
	EndGlobalSection
	GlobalSection(ExtensibilityGlobals) = postSolution
		SolutionGuid = {2BE6FE6B-FD8D-401D-8155-F53358359062}
	EndGlobalSection
EndGlobal
